
Microsoft Visual Studio Solution File, Format Version 12.00
# Visual Studio Version 17
VisualStudioVersion = 17.0.31611.283
MinimumVisualStudioVersion = 10.0.40219.1
Project("{9A19103F-16F7-4668-BE54-9A1E7A4F7556}") = "AppNotepadMAUI", "AppNotepadMAUI\AppNotepadMAUI.csproj", "{D5C78AD1-42BF-461B-B72C-BBEEB08624B5}"
EndProject
Project("{FAE04EC0-301F-11D3-BF4B-00C04F79EFBC}") = "WebApiForMAUI", "WebApiForMAUI\WebApiForMAUI.csproj", "{ABF6B4E8-0559-4E28-B61A-63764E257D12}"
EndProject
Project("{FAE04EC0-301F-11D3-BF4B-00C04F79EFBC}") = "BL_MAUI", "BL_MAUI\BL_MAUI.csproj", "{6B8EFE4D-1AB1-4A65-9E5F-902555D650C6}"
EndProject
Global
	GlobalSection(SolutionConfigurationPlatforms) = preSolution
		Debug|Any CPU = Debug|Any CPU
		Release|Any CPU = Release|Any CPU
	EndGlobalSection
	GlobalSection(ProjectConfigurationPlatforms) = postSolution
		{D5C78AD1-42BF-461B-B72C-BBEEB08624B5}.Debug|Any CPU.ActiveCfg = Debug|Any CPU
		{D5C78AD1-42BF-461B-B72C-BBEEB08624B5}.Debug|Any CPU.Build.0 = Debug|Any CPU
		{D5C78AD1-42BF-461B-B72C-BBEEB08624B5}.Debug|Any CPU.Deploy.0 = Debug|Any CPU
		{D5C78AD1-42BF-461B-B72C-BBEEB08624B5}.Release|Any CPU.ActiveCfg = Release|Any CPU
		{D5C78AD1-42BF-461B-B72C-BBEEB08624B5}.Release|Any CPU.Build.0 = Release|Any CPU
		{D5C78AD1-42BF-461B-B72C-BBEEB08624B5}.Release|Any CPU.Deploy.0 = Release|Any CPU
		{ABF6B4E8-0559-4E28-B61A-63764E257D12}.Debug|Any CPU.ActiveCfg = Debug|Any CPU
		{ABF6B4E8-0559-4E28-B61A-63764E257D12}.Debug|Any CPU.Build.0 = Debug|Any CPU
		{ABF6B4E8-0559-4E28-B61A-63764E257D12}.Release|Any CPU.ActiveCfg = Release|Any CPU
		{ABF6B4E8-0559-4E28-B61A-63764E257D12}.Release|Any CPU.Build.0 = Release|Any CPU
		{6B8EFE4D-1AB1-4A65-9E5F-902555D650C6}.Debug|Any CPU.ActiveCfg = Debug|Any CPU
		{6B8EFE4D-1AB1-4A65-9E5F-902555D650C6}.Debug|Any CPU.Build.0 = Debug|Any CPU
		{6B8EFE4D-1AB1-4A65-9E5F-902555D650C6}.Release|Any CPU.ActiveCfg = Release|Any CPU
		{6B8EFE4D-1AB1-4A65-9E5F-902555D650C6}.Release|Any CPU.Build.0 = Release|Any CPU
	EndGlobalSection
	GlobalSection(SolutionProperties) = preSolution
		HideSolutionNode = FALSE
	EndGlobalSection
	GlobalSection(ExtensibilityGlobals) = postSolution
		SolutionGuid = {61F7FB11-1E47-470C-91E2-47F8143E1572}
	EndGlobalSection
EndGlobal
